<?xml version="1.0" encoding="UTF-8" standalone="yes" ?>
<CodeBlocks_project_file>
	<FileVersion major="1" minor="6" />
	<Project>
		<Option title="RevLike" />
		<Option pch_mode="2" />
		<Option compiler="gcc" />
		<Build>
			<Target title="Debug">
				<Option output="bin/Debug/RevLike" prefix_auto="1" extension_auto="1" />
				<Option object_output="obj/Debug/" />
				<Option type="1" />
				<Option compiler="gcc" />
				<Compiler>
					<Add option="-g" />
					<Add directory="include" />
				</Compiler>
			</Target>
			<Target title="Release">
				<Option output="bin/Release/RevLike" prefix_auto="1" extension_auto="1" />
				<Option object_output="obj/Release/" />
				<Option type="1" />
				<Option compiler="gcc" />
				<Compiler>
					<Add option="-O2" />
					<Add directory="include" />
				</Compiler>
				<Linker>
					<Add option="-s" />
				</Linker>
			</Target>
		</Build>
		<Compiler>
			<Add option="-Wall" />
			<Add option="-fexceptions" />
		</Compiler>
		<Unit filename="include/Consumable.h" />
		<Unit filename="include/DisplayManager.h" />
		<Unit filename="include/GameManager.h" />
		<Unit filename="include/HealthPotion.h" />
		<Unit filename="include/Living.h" />
		<Unit filename="include/Loot.h" />
		<Unit filename="include/Monster.h" />
		<Unit filename="include/Player.h" />
		<Unit filename="include/PlayerInputs.h" />
		<Unit filename="include/Stats.h" />
		<Unit filename="main.cpp" />
		<Unit filename="src/Consumable.cpp" />
		<Unit filename="src/DisplayManager.cpp" />
		<Unit filename="src/GameManager.cpp" />
		<Unit filename="src/HealthPotion.cpp" />
		<Unit filename="src/Living.cpp" />
		<Unit filename="src/Loot.cpp" />
		<Unit filename="src/Monster.cpp" />
		<Unit filename="src/Player.cpp" />
		<Unit filename="src/PlayerInputs.cpp" />
		<Unit filename="src/Stats.cpp" />
		<Extensions>
			<lib_finder disable_auto="1" />
		</Extensions>
	</Project>
</CodeBlocks_project_file>
